
Microsoft Visual Studio Solution File, Format Version 12.00
# Visual Studio Version 17
VisualStudioVersion = 17.5.33516.290
MinimumVisualStudioVersion = 10.0.40219.1
Project("{FAE04EC0-301F-11D3-BF4B-00C04F79EFBC}") = "JWTAuthWebAPI", "JWTAuthWebAPI\JWTAuthWebAPI.csproj", "{C683F80F-C36B-4487-8B71-95C0C4CA259F}"
EndProject
Global
	GlobalSection(SolutionConfigurationPlatforms) = preSolution
		Debug|Any CPU = Debug|Any CPU
		Release|Any CPU = Release|Any CPU
	EndGlobalSection
	GlobalSection(ProjectConfigurationPlatforms) = postSolution
		{C683F80F-C36B-4487-8B71-95C0C4CA259F}.Debug|Any CPU.ActiveCfg = Debug|Any CPU
		{C683F80F-C36B-4487-8B71-95C0C4CA259F}.Debug|Any CPU.Build.0 = Debug|Any CPU
		{C683F80F-C36B-4487-8B71-95C0C4CA259F}.Release|Any CPU.ActiveCfg = Release|Any CPU
		{C683F80F-C36B-4487-8B71-95C0C4CA259F}.Release|Any CPU.Build.0 = Release|Any CPU
	EndGlobalSection
	GlobalSection(SolutionProperties) = preSolution
		HideSolutionNode = FALSE
	EndGlobalSection
	GlobalSection(ExtensibilityGlobals) = postSolution
		SolutionGuid = {4ABFAD82-1E13-42CF-801E-974CFB684CA2}
	EndGlobalSection
EndGlobal
